
Microsoft Visual Studio Solution File, Format Version 12.00
# Visual Studio 15
VisualStudioVersion = 15.0.28307.271
MinimumVisualStudioVersion = 10.0.40219.1
Project("{FAE04EC0-301F-11D3-BF4B-00C04F79EFBC}") = "Array2Demo", "Array2Demo\Array2Demo.csproj", "{22EB7F66-502E-4B41-AEA7-8BD9C3BF76EE}"
EndProject
Project("{FAE04EC0-301F-11D3-BF4B-00C04F79EFBC}") = "ArraysAssignment", "ArraysAssignment\ArraysAssignment.csproj", "{5D12D30E-9DEB-4C7E-8B15-FCDD72D4DDA7}"
EndProject
Global
	GlobalSection(SolutionConfigurationPlatforms) = preSolution
		Debug|Any CPU = Debug|Any CPU
		Release|Any CPU = Release|Any CPU
	EndGlobalSection
	GlobalSection(ProjectConfigurationPlatforms) = postSolution
		{22EB7F66-502E-4B41-AEA7-8BD9C3BF76EE}.Debug|Any CPU.ActiveCfg = Debug|Any CPU
		{22EB7F66-502E-4B41-AEA7-8BD9C3BF76EE}.Debug|Any CPU.Build.0 = Debug|Any CPU
		{22EB7F66-502E-4B41-AEA7-8BD9C3BF76EE}.Release|Any CPU.ActiveCfg = Release|Any CPU
		{22EB7F66-502E-4B41-AEA7-8BD9C3BF76EE}.Release|Any CPU.Build.0 = Release|Any CPU
		{5D12D30E-9DEB-4C7E-8B15-FCDD72D4DDA7}.Debug|Any CPU.ActiveCfg = Debug|Any CPU
		{5D12D30E-9DEB-4C7E-8B15-FCDD72D4DDA7}.Debug|Any CPU.Build.0 = Debug|Any CPU
		{5D12D30E-9DEB-4C7E-8B15-FCDD72D4DDA7}.Release|Any CPU.ActiveCfg = Release|Any CPU
		{5D12D30E-9DEB-4C7E-8B15-FCDD72D4DDA7}.Release|Any CPU.Build.0 = Release|Any CPU
	EndGlobalSection
	GlobalSection(SolutionProperties) = preSolution
		HideSolutionNode = FALSE
	EndGlobalSection
	GlobalSection(ExtensibilityGlobals) = postSolution
		SolutionGuid = {5BF134AE-6EDF-467D-9A03-989A8F46DAB3}
	EndGlobalSection
EndGlobal
