
Microsoft Visual Studio Solution File, Format Version 12.00
# Visual Studio 15
VisualStudioVersion = 15.0.28307.271
MinimumVisualStudioVersion = 10.0.40219.1
Project("{FAE04EC0-301F-11D3-BF4B-00C04F79EFBC}") = "ArraysDemo", "ArraysDemo\ArraysDemo.csproj", "{87B74463-482B-48E5-BFEE-80B828779AD5}"
EndProject
Global
	GlobalSection(SolutionConfigurationPlatforms) = preSolution
		Debug|Any CPU = Debug|Any CPU
		Release|Any CPU = Release|Any CPU
	EndGlobalSection
	GlobalSection(ProjectConfigurationPlatforms) = postSolution
		{87B74463-482B-48E5-BFEE-80B828779AD5}.Debug|Any CPU.ActiveCfg = Debug|Any CPU
		{87B74463-482B-48E5-BFEE-80B828779AD5}.Debug|Any CPU.Build.0 = Debug|Any CPU
		{87B74463-482B-48E5-BFEE-80B828779AD5}.Release|Any CPU.ActiveCfg = Release|Any CPU
		{87B74463-482B-48E5-BFEE-80B828779AD5}.Release|Any CPU.Build.0 = Release|Any CPU
	EndGlobalSection
	GlobalSection(SolutionProperties) = preSolution
		HideSolutionNode = FALSE
	EndGlobalSection
	GlobalSection(ExtensibilityGlobals) = postSolution
		SolutionGuid = {1B21B931-6756-451A-A3BF-3B28CC0A5C58}
	EndGlobalSection
EndGlobal
